
Microsoft Visual Studio Solution File, Format Version 12.00
# Visual Studio Version 16
VisualStudioVersion = 16.0.31019.35
MinimumVisualStudioVersion = 10.0.40219.1
Project("{9A19103F-16F7-4668-BE54-9A1E7A4F7556}") = "DataAccess", "DataAccess\DataAccess.csproj", "{E4EEF840-FEA1-422D-9789-BADA58A6C38F}"
EndProject
Project("{9A19103F-16F7-4668-BE54-9A1E7A4F7556}") = "Business", "Business\Business.csproj", "{5067AF02-DBC5-4B70-9340-F8AAD2628C30}"
EndProject
Project("{9A19103F-16F7-4668-BE54-9A1E7A4F7556}") = "Entities", "Entities\Entities.csproj", "{0D82D52E-BFD5-4E3E-8CE7-3D77EEEBA471}"
EndProject
Project("{9A19103F-16F7-4668-BE54-9A1E7A4F7556}") = "ConsoleUI", "ConsoleUI\ConsoleUI.csproj", "{8FE237F0-5FB1-440C-AD21-D15EAF2DB5E2}"
EndProject
Project("{9A19103F-16F7-4668-BE54-9A1E7A4F7556}") = "Core", "Core\Core.csproj", "{F7A1BA78-ED07-460E-9C71-C07B9CAFFE7D}"
EndProject
Project("{FAE04EC0-301F-11D3-BF4B-00C04F79EFBC}") = "WebAPI", "WebAPI\WebAPI.csproj", "{10A9B88E-F33C-4054-901B-598E043DF0E6}"
EndProject
Global
	GlobalSection(SolutionConfigurationPlatforms) = preSolution
		Debug|Any CPU = Debug|Any CPU
		Release|Any CPU = Release|Any CPU
	EndGlobalSection
	GlobalSection(ProjectConfigurationPlatforms) = postSolution
		{E4EEF840-FEA1-422D-9789-BADA58A6C38F}.Debug|Any CPU.ActiveCfg = Debug|Any CPU
		{E4EEF840-FEA1-422D-9789-BADA58A6C38F}.Debug|Any CPU.Build.0 = Debug|Any CPU
		{E4EEF840-FEA1-422D-9789-BADA58A6C38F}.Release|Any CPU.ActiveCfg = Release|Any CPU
		{E4EEF840-FEA1-422D-9789-BADA58A6C38F}.Release|Any CPU.Build.0 = Release|Any CPU
		{5067AF02-DBC5-4B70-9340-F8AAD2628C30}.Debug|Any CPU.ActiveCfg = Debug|Any CPU
		{5067AF02-DBC5-4B70-9340-F8AAD2628C30}.Debug|Any CPU.Build.0 = Debug|Any CPU
		{5067AF02-DBC5-4B70-9340-F8AAD2628C30}.Release|Any CPU.ActiveCfg = Release|Any CPU
		{5067AF02-DBC5-4B70-9340-F8AAD2628C30}.Release|Any CPU.Build.0 = Release|Any CPU
		{0D82D52E-BFD5-4E3E-8CE7-3D77EEEBA471}.Debug|Any CPU.ActiveCfg = Debug|Any CPU
		{0D82D52E-BFD5-4E3E-8CE7-3D77EEEBA471}.Debug|Any CPU.Build.0 = Debug|Any CPU
		{0D82D52E-BFD5-4E3E-8CE7-3D77EEEBA471}.Release|Any CPU.ActiveCfg = Release|Any CPU
		{0D82D52E-BFD5-4E3E-8CE7-3D77EEEBA471}.Release|Any CPU.Build.0 = Release|Any CPU
		{8FE237F0-5FB1-440C-AD21-D15EAF2DB5E2}.Debug|Any CPU.ActiveCfg = Debug|Any CPU
		{8FE237F0-5FB1-440C-AD21-D15EAF2DB5E2}.Debug|Any CPU.Build.0 = Debug|Any CPU
		{8FE237F0-5FB1-440C-AD21-D15EAF2DB5E2}.Release|Any CPU.ActiveCfg = Release|Any CPU
		{8FE237F0-5FB1-440C-AD21-D15EAF2DB5E2}.Release|Any CPU.Build.0 = Release|Any CPU
		{F7A1BA78-ED07-460E-9C71-C07B9CAFFE7D}.Debug|Any CPU.ActiveCfg = Debug|Any CPU
		{F7A1BA78-ED07-460E-9C71-C07B9CAFFE7D}.Debug|Any CPU.Build.0 = Debug|Any CPU
		{F7A1BA78-ED07-460E-9C71-C07B9CAFFE7D}.Release|Any CPU.ActiveCfg = Release|Any CPU
		{F7A1BA78-ED07-460E-9C71-C07B9CAFFE7D}.Release|Any CPU.Build.0 = Release|Any CPU
		{10A9B88E-F33C-4054-901B-598E043DF0E6}.Debug|Any CPU.ActiveCfg = Debug|Any CPU
		{10A9B88E-F33C-4054-901B-598E043DF0E6}.Debug|Any CPU.Build.0 = Debug|Any CPU
		{10A9B88E-F33C-4054-901B-598E043DF0E6}.Release|Any CPU.ActiveCfg = Release|Any CPU
		{10A9B88E-F33C-4054-901B-598E043DF0E6}.Release|Any CPU.Build.0 = Release|Any CPU
	EndGlobalSection
	GlobalSection(SolutionProperties) = preSolution
		HideSolutionNode = FALSE
	EndGlobalSection
	GlobalSection(ExtensibilityGlobals) = postSolution
		SolutionGuid = {55688761-48C4-4F34-A730-3A6320944BD8}
	EndGlobalSection
EndGlobal
